sonata_block:
    blocks:
        user_block:
            contexts: [admin]
#        sonata.admin.block.search_result:
#            contexts: [admin]
        sonata.admin.block.admin_list:
            contexts: [admin]
        sonata.page.block.container:
            cache: sonata.cache.memcached
    http_cache:
        handler: sonata.block.cache.handler.noop    # no cache alteration
#        handler: sonata.block.cache.handler.default # default value
        listener: true
#    profiler:
#        enabled: '%kernel.debug%'
#        template: '@SonataBlock/Profiler/block.html.twig'
